
Microsoft Visual Studio Solution File, Format Version 12.00
Project("{FAE04EC0-301F-11D3-BF4B-00C04F79EFBC}") = "BTH1", "BTH1\BTH1.csproj", "{534BE102-CF64-453F-8E9B-615BFA473613}"
EndProject
Project("{FAE04EC0-301F-11D3-BF4B-00C04F79EFBC}") = "BTH2", "BTH2\BTH2.csproj", "{F02C9C70-2A12-4A08-96CD-E23B7B8C9D59}"
EndProject
Project("{FAE04EC0-301F-11D3-BF4B-00C04F79EFBC}") = "BTH3", "BTH3\BTH3.csproj", "{632816C1-45F7-41A5-A057-B1178F8320B9}"
EndProject
Project("{FAE04EC0-301F-11D3-BF4B-00C04F79EFBC}") = "BTH4", "BTH4\BTH4.csproj", "{23620F8C-B2CB-43C6-88FB-ACEF16B1F5CC}"
EndProject
Project("{FAE04EC0-301F-11D3-BF4B-00C04F79EFBC}") = "BTH5", "BTH5\BTH5.csproj", "{CC7671C9-FC3A-4115-A6AD-D55035C39E18}"
EndProject
Project("{FAE04EC0-301F-11D3-BF4B-00C04F79EFBC}") = "BT1_4", "BT1_4\BT1_4.csproj", "{AFDB0037-A161-402C-ABDA-9A58E6CD3469}"
EndProject
Project("{2150E333-8FDC-42A3-9474-1A3956D46DE8}") = "BTH_Buoi4", "BTH_Buoi4", "{A852E6C8-C229-45A7-8C66-A6F30A592886}"
EndProject
Project("{FAE04EC0-301F-11D3-BF4B-00C04F79EFBC}") = "BT2_4", "BT2_4\BT2_4.csproj", "{BDBFB005-295C-4102-A4F2-87EA97A7321C}"
EndProject
Project("{FAE04EC0-301F-11D3-BF4B-00C04F79EFBC}") = "BT3_4", "BT3_4\BT3_4.csproj", "{154F417B-6FDB-4A64-A93A-5BC1AACD002A}"
EndProject
Project("{2150E333-8FDC-42A3-9474-1A3956D46DE8}") = "BTH_Buoi5", "BTH_Buoi5", "{A40F693F-36DD-47B6-B21A-9DC6FC4885CD}"
EndProject
Project("{FAE04EC0-301F-11D3-BF4B-00C04F79EFBC}") = "LT_CauDK", "LT_CauDK\LT_CauDK.csproj", "{6EADB08A-5FFF-43F0-B997-176E10050AFC}"
EndProject
Project("{FAE04EC0-301F-11D3-BF4B-00C04F79EFBC}") = "GPTB2", "GPTB2\GPTB2.csproj", "{52E6557C-1D73-4E5E-AE1B-36E621A9467B}"
EndProject
Project("{FAE04EC0-301F-11D3-BF4B-00C04F79EFBC}") = "BT1_5", "BT1_5\BT1_5.csproj", "{7642619A-2D31-458C-AEE0-8A6394315099}"
EndProject
Project("{FAE04EC0-301F-11D3-BF4B-00C04F79EFBC}") = "BT2_5", "BT2_5\BT2_5.csproj", "{CA823302-26E3-4577-A43B-C76D310AF569}"
EndProject
Project("{FAE04EC0-301F-11D3-BF4B-00C04F79EFBC}") = "BT3_5", "BT3_5\BT3_5.csproj", "{DDDC213E-A1E3-479F-B604-F85D3EBCB3AD}"
EndProject
Project("{FAE04EC0-301F-11D3-BF4B-00C04F79EFBC}") = "BT4_5", "BT4_5\BT4_5.csproj", "{60BA6C3E-1565-4C15-8F05-0850213B89A5}"
EndProject
Project("{FAE04EC0-301F-11D3-BF4B-00C04F79EFBC}") = "BT5_5", "BT5_5\BT5_5.csproj", "{28EA0C44-5F0F-4182-B0EC-937B254C854C}"
EndProject
Project("{FAE04EC0-301F-11D3-BF4B-00C04F79EFBC}") = "BT6_5", "BT6_5\BT6_5.csproj", "{8823F31D-9BCB-4FEF-A798-D292C9B7F517}"
EndProject
Project("{FAE04EC0-301F-11D3-BF4B-00C04F79EFBC}") = "BT7_5", "BT7_5\BT7_5.csproj", "{42C082BE-B7E6-4951-ACE2-0E84B4F7A16D}"
EndProject
Project("{FAE04EC0-301F-11D3-BF4B-00C04F79EFBC}") = "BT8_5", "BT8_5\BT8_5.csproj", "{4F399B01-4AA7-446C-BD72-686C946D2061}"
EndProject
Project("{FAE04EC0-301F-11D3-BF4B-00C04F79EFBC}") = "BT9_5", "BT9_5\BT9_5.csproj", "{7762CACB-A90D-4D82-8986-2E36ACFB24A3}"
EndProject
Project("{FAE04EC0-301F-11D3-BF4B-00C04F79EFBC}") = "BT10_5", "BT10_5\BT10_5.csproj", "{A0B152DA-5277-4727-AC72-F2FF31557B11}"
EndProject
Project("{FAE04EC0-301F-11D3-BF4B-00C04F79EFBC}") = "BT11_5", "BT11_5\BT11_5.csproj", "{84D976A3-C5FA-46E5-B069-C73963E22917}"
EndProject
Global
	GlobalSection(SolutionConfigurationPlatforms) = preSolution
		Debug|Any CPU = Debug|Any CPU
		Release|Any CPU = Release|Any CPU
	EndGlobalSection
	GlobalSection(ProjectConfigurationPlatforms) = postSolution
		{534BE102-CF64-453F-8E9B-615BFA473613}.Debug|Any CPU.ActiveCfg = Debug|Any CPU
		{534BE102-CF64-453F-8E9B-615BFA473613}.Debug|Any CPU.Build.0 = Debug|Any CPU
		{534BE102-CF64-453F-8E9B-615BFA473613}.Release|Any CPU.ActiveCfg = Release|Any CPU
		{534BE102-CF64-453F-8E9B-615BFA473613}.Release|Any CPU.Build.0 = Release|Any CPU
		{F02C9C70-2A12-4A08-96CD-E23B7B8C9D59}.Debug|Any CPU.ActiveCfg = Debug|Any CPU
		{F02C9C70-2A12-4A08-96CD-E23B7B8C9D59}.Debug|Any CPU.Build.0 = Debug|Any CPU
		{F02C9C70-2A12-4A08-96CD-E23B7B8C9D59}.Release|Any CPU.ActiveCfg = Release|Any CPU
		{F02C9C70-2A12-4A08-96CD-E23B7B8C9D59}.Release|Any CPU.Build.0 = Release|Any CPU
		{632816C1-45F7-41A5-A057-B1178F8320B9}.Debug|Any CPU.ActiveCfg = Debug|Any CPU
		{632816C1-45F7-41A5-A057-B1178F8320B9}.Debug|Any CPU.Build.0 = Debug|Any CPU
		{632816C1-45F7-41A5-A057-B1178F8320B9}.Release|Any CPU.ActiveCfg = Release|Any CPU
		{632816C1-45F7-41A5-A057-B1178F8320B9}.Release|Any CPU.Build.0 = Release|Any CPU
		{23620F8C-B2CB-43C6-88FB-ACEF16B1F5CC}.Debug|Any CPU.ActiveCfg = Debug|Any CPU
		{23620F8C-B2CB-43C6-88FB-ACEF16B1F5CC}.Debug|Any CPU.Build.0 = Debug|Any CPU
		{23620F8C-B2CB-43C6-88FB-ACEF16B1F5CC}.Release|Any CPU.ActiveCfg = Release|Any CPU
		{23620F8C-B2CB-43C6-88FB-ACEF16B1F5CC}.Release|Any CPU.Build.0 = Release|Any CPU
		{CC7671C9-FC3A-4115-A6AD-D55035C39E18}.Debug|Any CPU.ActiveCfg = Debug|Any CPU
		{CC7671C9-FC3A-4115-A6AD-D55035C39E18}.Debug|Any CPU.Build.0 = Debug|Any CPU
		{CC7671C9-FC3A-4115-A6AD-D55035C39E18}.Release|Any CPU.ActiveCfg = Release|Any CPU
		{CC7671C9-FC3A-4115-A6AD-D55035C39E18}.Release|Any CPU.Build.0 = Release|Any CPU
		{AFDB0037-A161-402C-ABDA-9A58E6CD3469}.Debug|Any CPU.ActiveCfg = Debug|Any CPU
		{AFDB0037-A161-402C-ABDA-9A58E6CD3469}.Debug|Any CPU.Build.0 = Debug|Any CPU
		{AFDB0037-A161-402C-ABDA-9A58E6CD3469}.Release|Any CPU.ActiveCfg = Release|Any CPU
		{AFDB0037-A161-402C-ABDA-9A58E6CD3469}.Release|Any CPU.Build.0 = Release|Any CPU
		{BDBFB005-295C-4102-A4F2-87EA97A7321C}.Debug|Any CPU.ActiveCfg = Debug|Any CPU
		{BDBFB005-295C-4102-A4F2-87EA97A7321C}.Debug|Any CPU.Build.0 = Debug|Any CPU
		{BDBFB005-295C-4102-A4F2-87EA97A7321C}.Release|Any CPU.ActiveCfg = Release|Any CPU
		{BDBFB005-295C-4102-A4F2-87EA97A7321C}.Release|Any CPU.Build.0 = Release|Any CPU
		{154F417B-6FDB-4A64-A93A-5BC1AACD002A}.Debug|Any CPU.ActiveCfg = Debug|Any CPU
		{154F417B-6FDB-4A64-A93A-5BC1AACD002A}.Debug|Any CPU.Build.0 = Debug|Any CPU
		{154F417B-6FDB-4A64-A93A-5BC1AACD002A}.Release|Any CPU.ActiveCfg = Release|Any CPU
		{154F417B-6FDB-4A64-A93A-5BC1AACD002A}.Release|Any CPU.Build.0 = Release|Any CPU
		{6EADB08A-5FFF-43F0-B997-176E10050AFC}.Debug|Any CPU.ActiveCfg = Debug|Any CPU
		{6EADB08A-5FFF-43F0-B997-176E10050AFC}.Debug|Any CPU.Build.0 = Debug|Any CPU
		{6EADB08A-5FFF-43F0-B997-176E10050AFC}.Release|Any CPU.ActiveCfg = Release|Any CPU
		{6EADB08A-5FFF-43F0-B997-176E10050AFC}.Release|Any CPU.Build.0 = Release|Any CPU
		{52E6557C-1D73-4E5E-AE1B-36E621A9467B}.Debug|Any CPU.ActiveCfg = Debug|Any CPU
		{52E6557C-1D73-4E5E-AE1B-36E621A9467B}.Debug|Any CPU.Build.0 = Debug|Any CPU
		{52E6557C-1D73-4E5E-AE1B-36E621A9467B}.Release|Any CPU.ActiveCfg = Release|Any CPU
		{52E6557C-1D73-4E5E-AE1B-36E621A9467B}.Release|Any CPU.Build.0 = Release|Any CPU
		{7642619A-2D31-458C-AEE0-8A6394315099}.Debug|Any CPU.ActiveCfg = Debug|Any CPU
		{7642619A-2D31-458C-AEE0-8A6394315099}.Debug|Any CPU.Build.0 = Debug|Any CPU
		{7642619A-2D31-458C-AEE0-8A6394315099}.Release|Any CPU.ActiveCfg = Release|Any CPU
		{7642619A-2D31-458C-AEE0-8A6394315099}.Release|Any CPU.Build.0 = Release|Any CPU
		{CA823302-26E3-4577-A43B-C76D310AF569}.Debug|Any CPU.ActiveCfg = Debug|Any CPU
		{CA823302-26E3-4577-A43B-C76D310AF569}.Debug|Any CPU.Build.0 = Debug|Any CPU
		{CA823302-26E3-4577-A43B-C76D310AF569}.Release|Any CPU.ActiveCfg = Release|Any CPU
		{CA823302-26E3-4577-A43B-C76D310AF569}.Release|Any CPU.Build.0 = Release|Any CPU
		{DDDC213E-A1E3-479F-B604-F85D3EBCB3AD}.Debug|Any CPU.ActiveCfg = Debug|Any CPU
		{DDDC213E-A1E3-479F-B604-F85D3EBCB3AD}.Debug|Any CPU.Build.0 = Debug|Any CPU
		{DDDC213E-A1E3-479F-B604-F85D3EBCB3AD}.Release|Any CPU.ActiveCfg = Release|Any CPU
		{DDDC213E-A1E3-479F-B604-F85D3EBCB3AD}.Release|Any CPU.Build.0 = Release|Any CPU
		{60BA6C3E-1565-4C15-8F05-0850213B89A5}.Debug|Any CPU.ActiveCfg = Debug|Any CPU
		{60BA6C3E-1565-4C15-8F05-0850213B89A5}.Debug|Any CPU.Build.0 = Debug|Any CPU
		{60BA6C3E-1565-4C15-8F05-0850213B89A5}.Release|Any CPU.ActiveCfg = Release|Any CPU
		{60BA6C3E-1565-4C15-8F05-0850213B89A5}.Release|Any CPU.Build.0 = Release|Any CPU
		{28EA0C44-5F0F-4182-B0EC-937B254C854C}.Debug|Any CPU.ActiveCfg = Debug|Any CPU
		{28EA0C44-5F0F-4182-B0EC-937B254C854C}.Debug|Any CPU.Build.0 = Debug|Any CPU
		{28EA0C44-5F0F-4182-B0EC-937B254C854C}.Release|Any CPU.ActiveCfg = Release|Any CPU
		{28EA0C44-5F0F-4182-B0EC-937B254C854C}.Release|Any CPU.Build.0 = Release|Any CPU
		{8823F31D-9BCB-4FEF-A798-D292C9B7F517}.Debug|Any CPU.ActiveCfg = Debug|Any CPU
		{8823F31D-9BCB-4FEF-A798-D292C9B7F517}.Debug|Any CPU.Build.0 = Debug|Any CPU
		{8823F31D-9BCB-4FEF-A798-D292C9B7F517}.Release|Any CPU.ActiveCfg = Release|Any CPU
		{8823F31D-9BCB-4FEF-A798-D292C9B7F517}.Release|Any CPU.Build.0 = Release|Any CPU
		{42C082BE-B7E6-4951-ACE2-0E84B4F7A16D}.Debug|Any CPU.ActiveCfg = Debug|Any CPU
		{42C082BE-B7E6-4951-ACE2-0E84B4F7A16D}.Debug|Any CPU.Build.0 = Debug|Any CPU
		{42C082BE-B7E6-4951-ACE2-0E84B4F7A16D}.Release|Any CPU.ActiveCfg = Release|Any CPU
		{42C082BE-B7E6-4951-ACE2-0E84B4F7A16D}.Release|Any CPU.Build.0 = Release|Any CPU
		{4F399B01-4AA7-446C-BD72-686C946D2061}.Debug|Any CPU.ActiveCfg = Debug|Any CPU
		{4F399B01-4AA7-446C-BD72-686C946D2061}.Debug|Any CPU.Build.0 = Debug|Any CPU
		{4F399B01-4AA7-446C-BD72-686C946D2061}.Release|Any CPU.ActiveCfg = Release|Any CPU
		{4F399B01-4AA7-446C-BD72-686C946D2061}.Release|Any CPU.Build.0 = Release|Any CPU
		{7762CACB-A90D-4D82-8986-2E36ACFB24A3}.Debug|Any CPU.ActiveCfg = Debug|Any CPU
		{7762CACB-A90D-4D82-8986-2E36ACFB24A3}.Debug|Any CPU.Build.0 = Debug|Any CPU
		{7762CACB-A90D-4D82-8986-2E36ACFB24A3}.Release|Any CPU.ActiveCfg = Release|Any CPU
		{7762CACB-A90D-4D82-8986-2E36ACFB24A3}.Release|Any CPU.Build.0 = Release|Any CPU
		{A0B152DA-5277-4727-AC72-F2FF31557B11}.Debug|Any CPU.ActiveCfg = Debug|Any CPU
		{A0B152DA-5277-4727-AC72-F2FF31557B11}.Debug|Any CPU.Build.0 = Debug|Any CPU
		{A0B152DA-5277-4727-AC72-F2FF31557B11}.Release|Any CPU.ActiveCfg = Release|Any CPU
		{A0B152DA-5277-4727-AC72-F2FF31557B11}.Release|Any CPU.Build.0 = Release|Any CPU
		{84D976A3-C5FA-46E5-B069-C73963E22917}.Debug|Any CPU.ActiveCfg = Debug|Any CPU
		{84D976A3-C5FA-46E5-B069-C73963E22917}.Debug|Any CPU.Build.0 = Debug|Any CPU
		{84D976A3-C5FA-46E5-B069-C73963E22917}.Release|Any CPU.ActiveCfg = Release|Any CPU
		{84D976A3-C5FA-46E5-B069-C73963E22917}.Release|Any CPU.Build.0 = Release|Any CPU
	EndGlobalSection
	GlobalSection(NestedProjects) = preSolution
		{AFDB0037-A161-402C-ABDA-9A58E6CD3469} = {A852E6C8-C229-45A7-8C66-A6F30A592886}
		{BDBFB005-295C-4102-A4F2-87EA97A7321C} = {A852E6C8-C229-45A7-8C66-A6F30A592886}
		{154F417B-6FDB-4A64-A93A-5BC1AACD002A} = {A852E6C8-C229-45A7-8C66-A6F30A592886}
		{6EADB08A-5FFF-43F0-B997-176E10050AFC} = {A40F693F-36DD-47B6-B21A-9DC6FC4885CD}
		{52E6557C-1D73-4E5E-AE1B-36E621A9467B} = {A40F693F-36DD-47B6-B21A-9DC6FC4885CD}
		{7642619A-2D31-458C-AEE0-8A6394315099} = {A40F693F-36DD-47B6-B21A-9DC6FC4885CD}
		{CA823302-26E3-4577-A43B-C76D310AF569} = {A40F693F-36DD-47B6-B21A-9DC6FC4885CD}
		{DDDC213E-A1E3-479F-B604-F85D3EBCB3AD} = {A40F693F-36DD-47B6-B21A-9DC6FC4885CD}
		{60BA6C3E-1565-4C15-8F05-0850213B89A5} = {A40F693F-36DD-47B6-B21A-9DC6FC4885CD}
		{28EA0C44-5F0F-4182-B0EC-937B254C854C} = {A40F693F-36DD-47B6-B21A-9DC6FC4885CD}
		{8823F31D-9BCB-4FEF-A798-D292C9B7F517} = {A40F693F-36DD-47B6-B21A-9DC6FC4885CD}
		{42C082BE-B7E6-4951-ACE2-0E84B4F7A16D} = {A40F693F-36DD-47B6-B21A-9DC6FC4885CD}
		{4F399B01-4AA7-446C-BD72-686C946D2061} = {A40F693F-36DD-47B6-B21A-9DC6FC4885CD}
		{7762CACB-A90D-4D82-8986-2E36ACFB24A3} = {A40F693F-36DD-47B6-B21A-9DC6FC4885CD}
		{A0B152DA-5277-4727-AC72-F2FF31557B11} = {A40F693F-36DD-47B6-B21A-9DC6FC4885CD}
		{84D976A3-C5FA-46E5-B069-C73963E22917} = {A40F693F-36DD-47B6-B21A-9DC6FC4885CD}
	EndGlobalSection
EndGlobal
