
Microsoft Visual Studio Solution File, Format Version 12.00
Project("{FAE04EC0-301F-11D3-BF4B-00C04F79EFBC}") = "BT1", "BT1\BT1.csproj", "{AFDB0037-A161-402C-ABDA-9A58E6CD3469}"
EndProject
Project("{2150E333-8FDC-42A3-9474-1A3956D46DE8}") = "BTH_Buoi4", "BTH_Buoi4", "{A852E6C8-C229-45A7-8C66-A6F30A592886}"
EndProject
Project("{FAE04EC0-301F-11D3-BF4B-00C04F79EFBC}") = "BT2", "BT2\BT2.csproj", "{BDBFB005-295C-4102-A4F2-87EA97A7321C}"
EndProject
Project("{FAE04EC0-301F-11D3-BF4B-00C04F79EFBC}") = "BT3", "BT3\BT3.csproj", "{154F417B-6FDB-4A64-A93A-5BC1AACD002A}"
EndProject
Global
	GlobalSection(SolutionConfigurationPlatforms) = preSolution
		Debug|Any CPU = Debug|Any CPU
		Release|Any CPU = Release|Any CPU
	EndGlobalSection
	GlobalSection(ProjectConfigurationPlatforms) = postSolution
		{AFDB0037-A161-402C-ABDA-9A58E6CD3469}.Debug|Any CPU.ActiveCfg = Debug|Any CPU
		{AFDB0037-A161-402C-ABDA-9A58E6CD3469}.Debug|Any CPU.Build.0 = Debug|Any CPU
		{AFDB0037-A161-402C-ABDA-9A58E6CD3469}.Release|Any CPU.ActiveCfg = Release|Any CPU
		{AFDB0037-A161-402C-ABDA-9A58E6CD3469}.Release|Any CPU.Build.0 = Release|Any CPU
		{BDBFB005-295C-4102-A4F2-87EA97A7321C}.Debug|Any CPU.ActiveCfg = Debug|Any CPU
		{BDBFB005-295C-4102-A4F2-87EA97A7321C}.Debug|Any CPU.Build.0 = Debug|Any CPU
		{BDBFB005-295C-4102-A4F2-87EA97A7321C}.Release|Any CPU.ActiveCfg = Release|Any CPU
		{BDBFB005-295C-4102-A4F2-87EA97A7321C}.Release|Any CPU.Build.0 = Release|Any CPU
		{154F417B-6FDB-4A64-A93A-5BC1AACD002A}.Debug|Any CPU.ActiveCfg = Debug|Any CPU
		{154F417B-6FDB-4A64-A93A-5BC1AACD002A}.Debug|Any CPU.Build.0 = Debug|Any CPU
		{154F417B-6FDB-4A64-A93A-5BC1AACD002A}.Release|Any CPU.ActiveCfg = Release|Any CPU
		{154F417B-6FDB-4A64-A93A-5BC1AACD002A}.Release|Any CPU.Build.0 = Release|Any CPU
	EndGlobalSection
	GlobalSection(NestedProjects) = preSolution
		{AFDB0037-A161-402C-ABDA-9A58E6CD3469} = {A852E6C8-C229-45A7-8C66-A6F30A592886}
		{BDBFB005-295C-4102-A4F2-87EA97A7321C} = {A852E6C8-C229-45A7-8C66-A6F30A592886}
		{154F417B-6FDB-4A64-A93A-5BC1AACD002A} = {A852E6C8-C229-45A7-8C66-A6F30A592886}
	EndGlobalSection
EndGlobal
